
Microsoft Visual Studio Solution File, Format Version 12.00
# Visual Studio 14
VisualStudioVersion = 14.0.23107.0
MinimumVisualStudioVersion = 10.0.40219.1
Project("{FAE04EC0-301F-11D3-BF4B-00C04F79EFBC}") = "Project2", "Project2\Project2.csproj", "{024AB50E-0D29-4149-80D6-B9E94ACB1915}"
EndProject
Project("{FAE04EC0-301F-11D3-BF4B-00C04F79EFBC}") = "Project.Service", "Project.Service\Project.Service.csproj", "{18309951-C317-4906-9E1A-569014D6261C}"
EndProject
Project("{FAE04EC0-301F-11D3-BF4B-00C04F79EFBC}") = "Project.DAL", "Project.DAL\Project.DAL.csproj", "{8D7CB745-C887-49EA-A706-4B915C11B2B2}"
EndProject
Global
	GlobalSection(SolutionConfigurationPlatforms) = preSolution
		Debug|Any CPU = Debug|Any CPU
		Release|Any CPU = Release|Any CPU
	EndGlobalSection
	GlobalSection(ProjectConfigurationPlatforms) = postSolution
		{024AB50E-0D29-4149-80D6-B9E94ACB1915}.Debug|Any CPU.ActiveCfg = Debug|Any CPU
		{024AB50E-0D29-4149-80D6-B9E94ACB1915}.Debug|Any CPU.Build.0 = Debug|Any CPU
		{024AB50E-0D29-4149-80D6-B9E94ACB1915}.Release|Any CPU.ActiveCfg = Release|Any CPU
		{024AB50E-0D29-4149-80D6-B9E94ACB1915}.Release|Any CPU.Build.0 = Release|Any CPU
		{18309951-C317-4906-9E1A-569014D6261C}.Debug|Any CPU.ActiveCfg = Debug|Any CPU
		{18309951-C317-4906-9E1A-569014D6261C}.Debug|Any CPU.Build.0 = Debug|Any CPU
		{18309951-C317-4906-9E1A-569014D6261C}.Release|Any CPU.ActiveCfg = Release|Any CPU
		{18309951-C317-4906-9E1A-569014D6261C}.Release|Any CPU.Build.0 = Release|Any CPU
		{8D7CB745-C887-49EA-A706-4B915C11B2B2}.Debug|Any CPU.ActiveCfg = Debug|Any CPU
		{8D7CB745-C887-49EA-A706-4B915C11B2B2}.Debug|Any CPU.Build.0 = Debug|Any CPU
		{8D7CB745-C887-49EA-A706-4B915C11B2B2}.Release|Any CPU.ActiveCfg = Release|Any CPU
		{8D7CB745-C887-49EA-A706-4B915C11B2B2}.Release|Any CPU.Build.0 = Release|Any CPU
	EndGlobalSection
	GlobalSection(SolutionProperties) = preSolution
		HideSolutionNode = FALSE
	EndGlobalSection
EndGlobal
